
Microsoft Visual Studio Solution File, Format Version 12.00
# Visual Studio Version 17
VisualStudioVersion = 17.14.37301.10 d17.14
MinimumVisualStudioVersion = 10.0.40219.1
Project("{FAE04EC0-301F-11D3-BF4B-00C04F79EFBC}") = "Trabajo_PrimerParcial", "Trabajo_PrimerParcial.csproj", "{638AB30A-DF6A-4C6C-8816-53A9B545187A}"
EndProject
Global
	GlobalSection(SolutionConfigurationPlatforms) = preSolution
		Debug|Any CPU = Debug|Any CPU
		Release|Any CPU = Release|Any CPU
	EndGlobalSection
	GlobalSection(ProjectConfigurationPlatforms) = postSolution
		{638AB30A-DF6A-4C6C-8816-53A9B545187A}.Debug|Any CPU.ActiveCfg = Debug|Any CPU
		{638AB30A-DF6A-4C6C-8816-53A9B545187A}.Debug|Any CPU.Build.0 = Debug|Any CPU
		{638AB30A-DF6A-4C6C-8816-53A9B545187A}.Release|Any CPU.ActiveCfg = Release|Any CPU
		{638AB30A-DF6A-4C6C-8816-53A9B545187A}.Release|Any CPU.Build.0 = Release|Any CPU
	EndGlobalSection
	GlobalSection(SolutionProperties) = preSolution
		HideSolutionNode = FALSE
	EndGlobalSection
	GlobalSection(ExtensibilityGlobals) = postSolution
		SolutionGuid = {0772E3A5-63B9-4DE8-8433-5E58EF426910}
	EndGlobalSection
EndGlobal
